// !$*UTF8*$!
{
	archiveVersion = 1;
	classes = {
	};
	objectVersion = 56;
	objects = {

/* Begin PBXBuildFile section */
		0D9BBC672B685FA8004E06E3 /* AppDelegate.swift in Sources */ = {isa = PBXBuildFile; fileRef = 0D9BBC662B685FA8004E06E3 /* AppDelegate.swift */; };
		0D9BBC692B685FA8004E06E3 /* SceneDelegate.swift in Sources */ = {isa = PBXBuildFile; fileRef = 0D9BBC682B685FA8004E06E3 /* SceneDelegate.swift */; };
		0D9BBC6B2B685FA8004E06E3 /* ViewController.swift in Sources */ = {isa = PBXBuildFile; fileRef = 0D9BBC6A2B685FA8004E06E3 /* ViewController.swift */; };
		0D9BBC6E2B685FA8004E06E3 /* Main.storyboard in Resources */ = {isa = PBXBuildFile; fileRef = 0D9BBC6C2B685FA8004E06E3 /* Main.storyboard */; };
		0D9BBC702B685FAA004E06E3 /* Assets.xcassets in Resources */ = {isa = PBXBuildFile; fileRef = 0D9BBC6F2B685FAA004E06E3 /* Assets.xcassets */; };
		0D9BBC732B685FAA004E06E3 /* LaunchScreen.storyboard in Resources */ = {isa = PBXBuildFile; fileRef = 0D9BBC712B685FAA004E06E3 /* LaunchScreen.storyboard */; };
		0D9BBC882B685FAA004E06E3 /* HW4UITests.swift in Sources */ = {isa = PBXBuildFile; fileRef = 0D9BBC872B685FAA004E06E3 /* HW4UITests.swift */; };
		CD3B56982B842A8B00F05276 /* HW6UITests.swift in Sources */ = {isa = PBXBuildFile; fileRef = CD3B56972B842A8B00F05276 /* HW6UITests.swift */; };
		CD3B569A2B842AD700F05276 /* DVRViewController.swift in Sources */ = {isa = PBXBuildFile; fileRef = CD3B56992B842AD700F05276 /* DVRViewController.swift */; };
		CDF644AD2B8BA5D700B68FCA /* ConfigViewController.swift in Sources */ = {isa = PBXBuildFile; fileRef = CDF644AC2B8BA5D700B68FCA /* ConfigViewController.swift */; };
		CDF644AF2B8C5A9B00B68FCA /* Model.swift in Sources */ = {isa = PBXBuildFile; fileRef = CDF644AE2B8C5A9B00B68FCA /* Model.swift */; };
		CDF644B12B8C813700B68FCA /* HW7UITests.swift in Sources */ = {isa = PBXBuildFile; fileRef = CDF644B02B8C813700B68FCA /* HW7UITests.swift */; };
/* End PBXBuildFile section */

/* Begin PBXContainerItemProxy section */
		0D9BBC842B685FAA004E06E3 /* PBXContainerItemProxy */ = {
			isa = PBXContainerItemProxy;
			containerPortal = 0D9BBC5B2B685FA8004E06E3 /* Project object */;
			proxyType = 1;
			remoteGlobalIDString = 0D9BBC622B685FA8004E06E3;
			remoteInfo = HW4;
		};
/* End PBXContainerItemProxy section */

/* Begin PBXFileReference section */
		0D9BBC632B685FA8004E06E3 /* HW4.app */ = {isa = PBXFileReference; explicitFileType = wrapper.application; includeInIndex = 0; path = HW4.app; sourceTree = BUILT_PRODUCTS_DIR; };
		0D9BBC662B685FA8004E06E3 /* AppDelegate.swift */ = {isa = PBXFileReference; lastKnownFileType = sourcecode.swift; path = AppDelegate.swift; sourceTree = "<group>"; };
		0D9BBC682B685FA8004E06E3 /* SceneDelegate.swift */ = {isa = PBXFileReference; lastKnownFileType = sourcecode.swift; path = SceneDelegate.swift; sourceTree = "<group>"; };
		0D9BBC6A2B685FA8004E06E3 /* ViewController.swift */ = {isa = PBXFileReference; lastKnownFileType = sourcecode.swift; path = ViewController.swift; sourceTree = "<group>"; };
		0D9BBC6D2B685FA8004E06E3 /* Base */ = {isa = PBXFileReference; lastKnownFileType = file.storyboard; name = Base; path = Base.lproj/Main.storyboard; sourceTree = "<group>"; };
		0D9BBC6F2B685FAA004E06E3 /* Assets.xcassets */ = {isa = PBXFileReference; lastKnownFileType = folder.assetcatalog; path = Assets.xcassets; sourceTree = "<group>"; };
		0D9BBC722B685FAA004E06E3 /* Base */ = {isa = PBXFileReference; lastKnownFileType = file.storyboard; name = Base; path = Base.lproj/LaunchScreen.storyboard; sourceTree = "<group>"; };
		0D9BBC742B685FAA004E06E3 /* Info.plist */ = {isa = PBXFileReference; lastKnownFileType = text.plist.xml; path = Info.plist; sourceTree = "<group>"; };
		0D9BBC7D2B685FAA004E06E3 /* HW4Tests.swift */ = {isa = PBXFileReference; lastKnownFileType = sourcecode.swift; path = HW4Tests.swift; sourceTree = "<group>"; };
		0D9BBC832B685FAA004E06E3 /* HW4UITests.xctest */ = {isa = PBXFileReference; explicitFileType = wrapper.cfbundle; includeInIndex = 0; path = HW4UITests.xctest; sourceTree = BUILT_PRODUCTS_DIR; };
		0D9BBC872B685FAA004E06E3 /* HW4UITests.swift */ = {isa = PBXFileReference; lastKnownFileType = sourcecode.swift; path = HW4UITests.swift; sourceTree = "<group>"; };
		CD3B56972B842A8B00F05276 /* HW6UITests.swift */ = {isa = PBXFileReference; fileEncoding = 4; lastKnownFileType = sourcecode.swift; path = HW6UITests.swift; sourceTree = "<group>"; };
		CD3B56992B842AD700F05276 /* DVRViewController.swift */ = {isa = PBXFileReference; lastKnownFileType = sourcecode.swift; path = DVRViewController.swift; sourceTree = "<group>"; };
		CDF644AC2B8BA5D700B68FCA /* ConfigViewController.swift */ = {isa = PBXFileReference; lastKnownFileType = sourcecode.swift; path = ConfigViewController.swift; sourceTree = "<group>"; };
		CDF644AE2B8C5A9B00B68FCA /* Model.swift */ = {isa = PBXFileReference; lastKnownFileType = sourcecode.swift; path = Model.swift; sourceTree = "<group>"; };
		CDF644B02B8C813700B68FCA /* HW7UITests.swift */ = {isa = PBXFileReference; fileEncoding = 4; lastKnownFileType = sourcecode.swift; path = HW7UITests.swift; sourceTree = "<group>"; };
/* End PBXFileReference section */

/* Begin PBXFrameworksBuildPhase section */
		0D9BBC602B685FA8004E06E3 /* Frameworks */ = {
			isa = PBXFrameworksBuildPhase;
			buildActionMask = 2147483647;
			files = (
			);
			runOnlyForDeploymentPostprocessing = 0;
		};
		0D9BBC802B685FAA004E06E3 /* Frameworks */ = {
			isa = PBXFrameworksBuildPhase;
			buildActionMask = 2147483647;
			files = (
			);
			runOnlyForDeploymentPostprocessing = 0;
		};
/* End PBXFrameworksBuildPhase section */

/* Begin PBXGroup section */
		0D9BBC5A2B685FA8004E06E3 = {
			isa = PBXGroup;
			children = (
				0D9BBC652B685FA8004E06E3 /* HW4 */,
				0D9BBC7C2B685FAA004E06E3 /* HW4Tests */,
				0D9BBC862B685FAA004E06E3 /* HW4UITests */,
				0D9BBC642B685FA8004E06E3 /* Products */,
			);
			sourceTree = "<group>";
		};
		0D9BBC642B685FA8004E06E3 /* Products */ = {
			isa = PBXGroup;
			children = (
				0D9BBC632B685FA8004E06E3 /* HW4.app */,
				0D9BBC832B685FAA004E06E3 /* HW4UITests.xctest */,
			);
			name = Products;
			sourceTree = "<group>";
		};
		0D9BBC652B685FA8004E06E3 /* HW4 */ = {
			isa = PBXGroup;
			children = (
				0D9BBC662B685FA8004E06E3 /* AppDelegate.swift */,
				CDF644AE2B8C5A9B00B68FCA /* Model.swift */,
				0D9BBC682B685FA8004E06E3 /* SceneDelegate.swift */,
				0D9BBC6A2B685FA8004E06E3 /* ViewController.swift */,
				CD3B56992B842AD700F05276 /* DVRViewController.swift */,
				CDF644AC2B8BA5D700B68FCA /* ConfigViewController.swift */,
				0D9BBC6C2B685FA8004E06E3 /* Main.storyboard */,
				0D9BBC6F2B685FAA004E06E3 /* Assets.xcassets */,
				0D9BBC712B685FAA004E06E3 /* LaunchScreen.storyboard */,
				0D9BBC742B685FAA004E06E3 /* Info.plist */,
			);
			path = HW4;
			sourceTree = "<group>";
		};
		0D9BBC7C2B685FAA004E06E3 /* HW4Tests */ = {
			isa = PBXGroup;
			children = (
				0D9BBC7D2B685FAA004E06E3 /* HW4Tests.swift */,
			);
			path = HW4Tests;
			sourceTree = "<group>";
		};
		0D9BBC862B685FAA004E06E3 /* HW4UITests */ = {
			isa = PBXGroup;
			children = (
				CDF644B02B8C813700B68FCA /* HW7UITests.swift */,
				0D9BBC872B685FAA004E06E3 /* HW4UITests.swift */,
				CD3B56972B842A8B00F05276 /* HW6UITests.swift */,
			);
			path = HW4UITests;
			sourceTree = "<group>";
		};
/* End PBXGroup section */

/* Begin PBXNativeTarget section */
		0D9BBC622B685FA8004E06E3 /* HW4 */ = {
			isa = PBXNativeTarget;
			buildConfigurationList = 0D9BBC8D2B685FAA004E06E3 /* Build configuration list for PBXNativeTarget "HW4" */;
			buildPhases = (
				0D9BBC5F2B685FA8004E06E3 /* Sources */,
				0D9BBC602B685FA8004E06E3 /* Frameworks */,
				0D9BBC612B685FA8004E06E3 /* Resources */,
			);
			buildRules = (
			);
			dependencies = (
			);
			name = HW4;
			productName = HW4;
			productReference = 0D9BBC632B685FA8004E06E3 /* HW4.app */;
			productType = "com.apple.product-type.application";
		};
		0D9BBC822B685FAA004E06E3 /* HW4UITests */ = {
			isa = PBXNativeTarget;
			buildConfigurationList = 0D9BBC932B685FAA004E06E3 /* Build configuration list for PBXNativeTarget "HW4UITests" */;
			buildPhases = (
				0D9BBC7F2B685FAA004E06E3 /* Sources */,
				0D9BBC802B685FAA004E06E3 /* Frameworks */,
				0D9BBC812B685FAA004E06E3 /* Resources */,
			);
			buildRules = (
			);
			dependencies = (
				0D9BBC852B685FAA004E06E3 /* PBXTargetDependency */,
			);
			name = HW4UITests;
			productName = HW4UITests;
			productReference = 0D9BBC832B685FAA004E06E3 /* HW4UITests.xctest */;
			productType = "com.apple.product-type.bundle.ui-testing";
		};
/* End PBXNativeTarget section */

/* Begin PBXProject section */
		0D9BBC5B2B685FA8004E06E3 /* Project object */ = {
			isa = PBXProject;
			attributes = {
				BuildIndependentTargetsInParallel = 1;
				LastSwiftUpdateCheck = 1520;
				LastUpgradeCheck = 1520;
				TargetAttributes = {
					0D9BBC622B685FA8004E06E3 = {
						CreatedOnToolsVersion = 15.2;
					};
					0D9BBC822B685FAA004E06E3 = {
						CreatedOnToolsVersion = 15.2;
						TestTargetID = 0D9BBC622B685FA8004E06E3;
					};
				};
			};
			buildConfigurationList = 0D9BBC5E2B685FA8004E06E3 /* Build configuration list for PBXProject "HW4" */;
			compatibilityVersion = "Xcode 14.0";
			developmentRegion = en;
			hasScannedForEncodings = 0;
			knownRegions = (
				en,
				Base,
			);
			mainGroup = 0D9BBC5A2B685FA8004E06E3;
			productRefGroup = 0D9BBC642B685FA8004E06E3 /* Products */;
			projectDirPath = "";
			projectRoot = "";
			targets = (
				0D9BBC622B685FA8004E06E3 /* HW4 */,
				0D9BBC822B685FAA004E06E3 /* HW4UITests */,
			);
		};
/* End PBXProject section */

/* Begin PBXResourcesBuildPhase section */
		0D9BBC612B685FA8004E06E3 /* Resources */ = {
			isa = PBXResourcesBuildPhase;
			buildActionMask = 2147483647;
			files = (
				0D9BBC732B685FAA004E06E3 /* LaunchScreen.storyboard in Resources */,
				0D9BBC702B685FAA004E06E3 /* Assets.xcassets in Resources */,
				0D9BBC6E2B685FA8004E06E3 /* Main.storyboard in Resources */,
			);
			runOnlyForDeploymentPostprocessing = 0;
		};
		0D9BBC812B685FAA004E06E3 /* Resources */ = {
			isa = PBXResourcesBuildPhase;
			buildActionMask = 2147483647;
			files = (
			);
			runOnlyForDeploymentPostprocessing = 0;
		};
/* End PBXResourcesBuildPhase section */

/* Begin PBXSourcesBuildPhase section */
		0D9BBC5F2B685FA8004E06E3 /* Sources */ = {
			isa = PBXSourcesBuildPhase;
			buildActionMask = 2147483647;
			files = (
				0D9BBC6B2B685FA8004E06E3 /* ViewController.swift in Sources */,
				CD3B569A2B842AD700F05276 /* DVRViewController.swift in Sources */,
				0D9BBC672B685FA8004E06E3 /* AppDelegate.swift in Sources */,
				CDF644AF2B8C5A9B00B68FCA /* Model.swift in Sources */,
				CDF644AD2B8BA5D700B68FCA /* ConfigViewController.swift in Sources */,
				0D9BBC692B685FA8004E06E3 /* SceneDelegate.swift in Sources */,
			);
			runOnlyForDeploymentPostprocessing = 0;
		};
		0D9BBC7F2B685FAA004E06E3 /* Sources */ = {
			isa = PBXSourcesBuildPhase;
			buildActionMask = 2147483647;
			files = (
				0D9BBC882B685FAA004E06E3 /* HW4UITests.swift in Sources */,
				CD3B56982B842A8B00F05276 /* HW6UITests.swift in Sources */,
				CDF644B12B8C813700B68FCA /* HW7UITests.swift in Sources */,
			);
			runOnlyForDeploymentPostprocessing = 0;
		};
/* End PBXSourcesBuildPhase section */

/* Begin PBXTargetDependency section */
		0D9BBC852B685FAA004E06E3 /* PBXTargetDependency */ = {
			isa = PBXTargetDependency;
			target = 0D9BBC622B685FA8004E06E3 /* HW4 */;
			targetProxy = 0D9BBC842B685FAA004E06E3 /* PBXContainerItemProxy */;
		};
/* End PBXTargetDependency section */

/* Begin PBXVariantGroup section */
		0D9BBC6C2B685FA8004E06E3 /* Main.storyboard */ = {
			isa = PBXVariantGroup;
			children = (
				0D9BBC6D2B685FA8004E06E3 /* Base */,
			);
			name = Main.storyboard;
			sourceTree = "<group>";
		};
		0D9BBC712B685FAA004E06E3 /* LaunchScreen.storyboard */ = {
			isa = PBXVariantGroup;
			children = (
				0D9BBC722B685FAA004E06E3 /* Base */,
			);
			name = LaunchScreen.storyboard;
			sourceTree = "<group>";
		};
/* End PBXVariantGroup section */

/* Begin XCBuildConfiguration section */
		0D9BBC8B2B685FAA004E06E3 /* Debug */ = {
			isa = XCBuildConfiguration;
			buildSettings = {
				ALWAYS_SEARCH_USER_PATHS = NO;
				ASSETCATALOG_COMPILER_GENERATE_SWIFT_ASSET_SYMBOL_EXTENSIONS = YES;
				CLANG_ANALYZER_NONNULL = YES;
				CLANG_ANALYZER_NUMBER_OBJECT_CONVERSION = YES_AGGRESSIVE;
				CLANG_CXX_LANGUAGE_STANDARD = "gnu++20";
				CLANG_ENABLE_MODULES = YES;
				CLANG_ENABLE_OBJC_ARC = YES;
				CLANG_ENABLE_OBJC_WEAK = YES;
				CLANG_WARN_BLOCK_CAPTURE_AUTORELEASING = YES;
				CLANG_WARN_BOOL_CONVERSION = YES;
				CLANG_WARN_COMMA = YES;
				CLANG_WARN_CONSTANT_CONVERSION = YES;
				CLANG_WARN_DEPRECATED_OBJC_IMPLEMENTATIONS = YES;
				CLANG_WARN_DIRECT_OBJC_ISA_USAGE = YES_ERROR;
				CLANG_WARN_DOCUMENTATION_COMMENTS = YES;
				CLANG_WARN_EMPTY_BODY = YES;
				CLANG_WARN_ENUM_CONVERSION = YES;
				CLANG_WARN_INFINITE_RECURSION = YES;
				CLANG_WARN_INT_CONVERSION = YES;
				CLANG_WARN_NON_LITERAL_NULL_CONVERSION = YES;
				CLANG_WARN_OBJC_IMPLICIT_RETAIN_SELF = YES;
				CLANG_WARN_OBJC_LITERAL_CONVERSION = YES;
				CLANG_WARN_OBJC_ROOT_CLASS = YES_ERROR;
				CLANG_WARN_QUOTED_INCLUDE_IN_FRAMEWORK_HEADER = YES;
				CLANG_WARN_RANGE_LOOP_ANALYSIS = YES;
				CLANG_WARN_STRICT_PROTOTYPES = YES;
				CLANG_WARN_SUSPICIOUS_MOVE = YES;
				CLANG_WARN_UNGUARDED_AVAILABILITY = YES_AGGRESSIVE;
				CLANG_WARN_UNREACHABLE_CODE = YES;
				CLANG_WARN__DUPLICATE_METHOD_MATCH = YES;
				COPY_PHASE_STRIP = NO;
				DEBUG_INFORMATION_FORMAT = dwarf;
				ENABLE_STRICT_OBJC_MSGSEND = YES;
				ENABLE_TESTABILITY = YES;
				ENABLE_USER_SCRIPT_SANDBOXING = YES;
				GCC_C_LANGUAGE_STANDARD = gnu17;
				GCC_DYNAMIC_NO_PIC = NO;
				GCC_NO_COMMON_BLOCKS = YES;
				GCC_OPTIMIZATION_LEVEL = 0;
				GCC_PREPROCESSOR_DEFINITIONS = (
					"DEBUG=1",
					"$(inherited)",
				);
				GCC_WARN_64_TO_32_BIT_CONVERSION = YES;
				GCC_WARN_ABOUT_RETURN_TYPE = YES_ERROR;
				GCC_WARN_UNDECLARED_SELECTOR = YES;
				GCC_WARN_UNINITIALIZED_AUTOS = YES_AGGRESSIVE;
				GCC_WARN_UNUSED_FUNCTION = YES;
				GCC_WARN_UNUSED_VARIABLE = YES;
				IPHONEOS_DEPLOYMENT_TARGET = 17.2;
				LOCALIZATION_PREFERS_STRING_CATALOGS = YES;
				MTL_ENABLE_DEBUG_INFO = INCLUDE_SOURCE;
				MTL_FAST_MATH = YES;
				ONLY_ACTIVE_ARCH = YES;
				SDKROOT = iphoneos;
				SWIFT_ACTIVE_COMPILATION_CONDITIONS = "DEBUG $(inherited)";
				SWIFT_OPTIMIZATION_LEVEL = "-Onone";
			};
			name = Debug;
		};
		0D9BBC8C2B685FAA004E06E3 /* Release */ = {
			isa = XCBuildConfiguration;
			buildSettings = {
				ALWAYS_SEARCH_USER_PATHS = NO;
				ASSETCATALOG_COMPILER_GENERATE_SWIFT_ASSET_SYMBOL_EXTENSIONS = YES;
				CLANG_ANALYZER_NONNULL = YES;
				CLANG_ANALYZER_NUMBER_OBJECT_CONVERSION = YES_AGGRESSIVE;
				CLANG_CXX_LANGUAGE_STANDARD = "gnu++20";
				CLANG_ENABLE_MODULES = YES;
				CLANG_ENABLE_OBJC_ARC = YES;
				CLANG_ENABLE_OBJC_WEAK = YES;
				CLANG_WARN_BLOCK_CAPTURE_AUTORELEASING = YES;
				CLANG_WARN_BOOL_CONVERSION = YES;
				CLANG_WARN_COMMA = YES;
				CLANG_WARN_CONSTANT_CONVERSION = YES;
				CLANG_WARN_DEPRECATED_OBJC_IMPLEMENTATIONS = YES;
				CLANG_WARN_DIRECT_OBJC_ISA_USAGE = YES_ERROR;
				CLANG_WARN_DOCUMENTATION_COMMENTS = YES;
				CLANG_WARN_EMPTY_BODY = YES;
				CLANG_WARN_ENUM_CONVERSION = YES;
				CLANG_WARN_INFINITE_RECURSION = YES;
				CLANG_WARN_INT_CONVERSION = YES;
				CLANG_WARN_NON_LITERAL_NULL_CONVERSION = YES;
				CLANG_WARN_OBJC_IMPLICIT_RETAIN_SELF = YES;
				CLANG_WARN_OBJC_LITERAL_CONVERSION = YES;
				CLANG_WARN_OBJC_ROOT_CLASS = YES_ERROR;
				CLANG_WARN_QUOTED_INCLUDE_IN_FRAMEWORK_HEADER = YES;
				CLANG_WARN_RANGE_LOOP_ANALYSIS = YES;
				CLANG_WARN_STRICT_PROTOTYPES = YES;
				CLANG_WARN_SUSPICIOUS_MOVE = YES;
				CLANG_WARN_UNGUARDED_AVAILABILITY = YES_AGGRESSIVE;
				CLANG_WARN_UNREACHABLE_CODE = YES;
				CLANG_WARN__DUPLICATE_METHOD_MATCH = YES;
				COPY_PHASE_STRIP = NO;
				DEBUG_INFORMATION_FORMAT = "dwarf-with-dsym";
				ENABLE_NS_ASSERTIONS = NO;
				ENABLE_STRICT_OBJC_MSGSEND = YES;
				ENABLE_USER_SCRIPT_SANDBOXING = YES;
				GCC_C_LANGUAGE_STANDARD = gnu17;
				GCC_NO_COMMON_BLOCKS = YES;
				GCC_WARN_64_TO_32_BIT_CONVERSION = YES;
				GCC_WARN_ABOUT_RETURN_TYPE = YES_ERROR;
				GCC_WARN_UNDECLARED_SELECTOR = YES;
				GCC_WARN_UNINITIALIZED_AUTOS = YES_AGGRESSIVE;
				GCC_WARN_UNUSED_FUNCTION = YES;
				GCC_WARN_UNUSED_VARIABLE = YES;
				IPHONEOS_DEPLOYMENT_TARGET = 17.2;
				LOCALIZATION_PREFERS_STRING_CATALOGS = YES;
				MTL_ENABLE_DEBUG_INFO = NO;
				MTL_FAST_MATH = YES;
				SDKROOT = iphoneos;
				SWIFT_COMPILATION_MODE = wholemodule;
				VALIDATE_PRODUCT = YES;
			};
			name = Release;
		};
		0D9BBC8E2B685FAA004E06E3 /* Debug */ = {
			isa = XCBuildConfiguration;
			buildSettings = {
				ASSETCATALOG_COMPILER_APPICON_NAME = AppIcon;
				ASSETCATALOG_COMPILER_GLOBAL_ACCENT_COLOR_NAME = AccentColor;
				CODE_SIGN_STYLE = Manual;
				CURRENT_PROJECT_VERSION = 1;
				DEVELOPMENT_TEAM = "";
				GENERATE_INFOPLIST_FILE = YES;
				INFOPLIST_FILE = HW4/Info.plist;
				INFOPLIST_KEY_UIApplicationSupportsIndirectInputEvents = YES;
				INFOPLIST_KEY_UILaunchStoryboardName = LaunchScreen;
				INFOPLIST_KEY_UIMainStoryboardFile = Main;
				INFOPLIST_KEY_UISupportedInterfaceOrientations_iPad = "UIInterfaceOrientationPortrait UIInterfaceOrientationPortraitUpsideDown UIInterfaceOrientationLandscapeLeft UIInterfaceOrientationLandscapeRight";
				INFOPLIST_KEY_UISupportedInterfaceOrientations_iPhone = "UIInterfaceOrientationPortrait UIInterfaceOrientationLandscapeLeft UIInterfaceOrientationLandscapeRight";
				LD_RUNPATH_SEARCH_PATHS = (
					"$(inherited)",
					"@executable_path/Frameworks",
				);
				MARKETING_VERSION = 1.0;
				PRODUCT_BUNDLE_IDENTIFIER = com.spate413.HW4;
				PRODUCT_NAME = "$(TARGET_NAME)";
				PROVISIONING_PROFILE_SPECIFIER = "";
				SUPPORTED_PLATFORMS = "iphoneos iphonesimulator";
				SUPPORTS_MACCATALYST = NO;
				SUPPORTS_MAC_DESIGNED_FOR_IPHONE_IPAD = NO;
				SUPPORTS_XR_DESIGNED_FOR_IPHONE_IPAD = NO;
				SWIFT_EMIT_LOC_STRINGS = YES;
				SWIFT_VERSION = 5.0;
				TARGETED_DEVICE_FAMILY = 1;
			};
			name = Debug;
		};
		0D9BBC8F2B685FAA004E06E3 /* Release */ = {
			isa = XCBuildConfiguration;
			buildSettings = {
				ASSETCATALOG_COMPILER_APPICON_NAME = AppIcon;
				ASSETCATALOG_COMPILER_GLOBAL_ACCENT_COLOR_NAME = AccentColor;
				CODE_SIGN_STYLE = Manual;
				CURRENT_PROJECT_VERSION = 1;
				DEVELOPMENT_TEAM = "";
				GENERATE_INFOPLIST_FILE = YES;
				INFOPLIST_FILE = HW4/Info.plist;
				INFOPLIST_KEY_UIApplicationSupportsIndirectInputEvents = YES;
				INFOPLIST_KEY_UILaunchStoryboardName = LaunchScreen;
				INFOPLIST_KEY_UIMainStoryboardFile = Main;
				INFOPLIST_KEY_UISupportedInterfaceOrientations_iPad = "UIInterfaceOrientationPortrait UIInterfaceOrientationPortraitUpsideDown UIInterfaceOrientationLandscapeLeft UIInterfaceOrientationLandscapeRight";
				INFOPLIST_KEY_UISupportedInterfaceOrientations_iPhone = "UIInterfaceOrientationPortrait UIInterfaceOrientationLandscapeLeft UIInterfaceOrientationLandscapeRight";
				LD_RUNPATH_SEARCH_PATHS = (
					"$(inherited)",
					"@executable_path/Frameworks",
				);
				MARKETING_VERSION = 1.0;
				PRODUCT_BUNDLE_IDENTIFIER = com.spate413.HW4;
				PRODUCT_NAME = "$(TARGET_NAME)";
				PROVISIONING_PROFILE_SPECIFIER = "";
				SUPPORTED_PLATFORMS = "iphoneos iphonesimulator";
				SUPPORTS_MACCATALYST = NO;
				SUPPORTS_MAC_DESIGNED_FOR_IPHONE_IPAD = NO;
				SUPPORTS_XR_DESIGNED_FOR_IPHONE_IPAD = NO;
				SWIFT_EMIT_LOC_STRINGS = YES;
				SWIFT_VERSION = 5.0;
				TARGETED_DEVICE_FAMILY = 1;
			};
			name = Release;
		};
		0D9BBC942B685FAA004E06E3 /* Debug */ = {
			isa = XCBuildConfiguration;
			buildSettings = {
				ALWAYS_EMBED_SWIFT_STANDARD_LIBRARIES = YES;
				CODE_SIGN_STYLE = Automatic;
				CURRENT_PROJECT_VERSION = 1;
				GENERATE_INFOPLIST_FILE = YES;
				MARKETING_VERSION = 1.0;
				PRODUCT_BUNDLE_IDENTIFIER = com.spate413.HW4UITests;
				PRODUCT_NAME = "$(TARGET_NAME)";
				SWIFT_EMIT_LOC_STRINGS = NO;
				SWIFT_VERSION = 5.0;
				TARGETED_DEVICE_FAMILY = "1,2";
				TEST_TARGET_NAME = HW4;
			};
			name = Debug;
		};
		0D9BBC952B685FAA004E06E3 /* Release */ = {
			isa = XCBuildConfiguration;
			buildSettings = {
				ALWAYS_EMBED_SWIFT_STANDARD_LIBRARIES = YES;
				CODE_SIGN_STYLE = Automatic;
				CURRENT_PROJECT_VERSION = 1;
				GENERATE_INFOPLIST_FILE = YES;
				MARKETING_VERSION = 1.0;
				PRODUCT_BUNDLE_IDENTIFIER = com.spate413.HW4UITests;
				PRODUCT_NAME = "$(TARGET_NAME)";
				SWIFT_EMIT_LOC_STRINGS = NO;
				SWIFT_VERSION = 5.0;
				TARGETED_DEVICE_FAMILY = "1,2";
				TEST_TARGET_NAME = HW4;
			};
			name = Release;
		};
/* End XCBuildConfiguration section */

/* Begin XCConfigurationList section */
		0D9BBC5E2B685FA8004E06E3 /* Build configuration list for PBXProject "HW4" */ = {
			isa = XCConfigurationList;
			buildConfigurations = (
				0D9BBC8B2B685FAA004E06E3 /* Debug */,
				0D9BBC8C2B685FAA004E06E3 /* Release */,
			);
			defaultConfigurationIsVisible = 0;
			defaultConfigurationName = Release;
		};
		0D9BBC8D2B685FAA004E06E3 /* Build configuration list for PBXNativeTarget "HW4" */ = {
			isa = XCConfigurationList;
			buildConfigurations = (
				0D9BBC8E2B685FAA004E06E3 /* Debug */,
				0D9BBC8F2B685FAA004E06E3 /* Release */,
			);
			defaultConfigurationIsVisible = 0;
			defaultConfigurationName = Release;
		};
		0D9BBC932B685FAA004E06E3 /* Build configuration list for PBXNativeTarget "HW4UITests" */ = {
			isa = XCConfigurationList;
			buildConfigurations = (
				0D9BBC942B685FAA004E06E3 /* Debug */,
				0D9BBC952B685FAA004E06E3 /* Release */,
			);
			defaultConfigurationIsVisible = 0;
			defaultConfigurationName = Release;
		};
/* End XCConfigurationList section */
	};
	rootObject = 0D9BBC5B2B685FA8004E06E3 /* Project object */;
}
